// !$*UTF8*$!
{
	archiveVersion = 1;
	classes = {
	};
	objectVersion = 77;
	objects = {

/* Begin PBXBuildFile section */
		D057008B2FFE985B0075C305 /* FirebaseAuth in Frameworks */ = {isa = PBXBuildFile; productRef = D057008A2FFE985B0075C305 /* FirebaseAuth */; };
		D057008D2FFE985B0075C305 /* FirebaseFirestore in Frameworks */ = {isa = PBXBuildFile; productRef = D057008C2FFE985B0075C305 /* FirebaseFirestore */; };
		D0A9240A30153BE1008F98E4 /* LocalizationManager.swift in Sources */ = {isa = PBXBuildFile; fileRef = D0A9240930153BE1008F98E4 /* LocalizationManager.swift */; };
		D0A9242430153F24008F98E4 /* Localizable.strings in Resources */ = {isa = PBXBuildFile; fileRef = D0A9241C30153F24008F98E4 /* Localizable.strings */; };
		D0A9242530153F24008F98E4 /* Localizable.strings in Resources */ = {isa = PBXBuildFile; fileRef = D0A9242230153F24008F98E4 /* Localizable.strings */; };
		D0A9242630153F24008F98E4 /* Localizable.strings in Resources */ = {isa = PBXBuildFile; fileRef = D0A9241F30153F24008F98E4 /* Localizable.strings */; };
/* End PBXBuildFile section */

/* Begin PBXContainerItemProxy section */
		D0AA000000000000000000A7 /* PBXContainerItemProxy */ = {
			isa = PBXContainerItemProxy;
			containerPortal = D057005A2FFE97430075C305 /* Project object */;
			proxyType = 1;
			remoteGlobalIDString = D05700612FFE97430075C305;
			remoteInfo = EventHub;
		};
/* End PBXContainerItemProxy section */

/* Begin PBXFileReference section */
		D05700622FFE97430075C305 /* EventHub.app */ = {isa = PBXFileReference; explicitFileType = wrapper.application; includeInIndex = 0; path = EventHub.app; sourceTree = BUILT_PRODUCTS_DIR; };
		D0A9240930153BE1008F98E4 /* LocalizationManager.swift */ = {isa = PBXFileReference; lastKnownFileType = sourcecode.swift; path = LocalizationManager.swift; sourceTree = "<group>"; };
		D0A9241B30153F24008F98E4 /* en */ = {isa = PBXFileReference; lastKnownFileType = text.plist.strings; name = en; path = Localizable.strings; sourceTree = "<group>"; };
		D0A9241E30153F24008F98E4 /* kk */ = {isa = PBXFileReference; lastKnownFileType = text.plist.strings; name = kk; path = Localizable.strings; sourceTree = "<group>"; };
		D0A9242130153F24008F98E4 /* ru */ = {isa = PBXFileReference; lastKnownFileType = text.plist.strings; name = ru; path = Localizable.strings; sourceTree = "<group>"; };
		D0AA000000000000000000A8 /* EventHubTests.xctest */ = {isa = PBXFileReference; explicitFileType = wrapper.cfbundle; includeInIndex = 0; path = EventHubTests.xctest; sourceTree = BUILT_PRODUCTS_DIR; };
/* End PBXFileReference section */

/* Begin PBXFileSystemSynchronizedBuildFileExceptionSet section */
		D0E7B1063001948000E449F2 /* Exceptions for "EventHub" folder in "EventHub" target */ = {
			isa = PBXFileSystemSynchronizedBuildFileExceptionSet;
			membershipExceptions = (
				Info.plist,
			);
			target = D05700612FFE97430075C305 /* EventHub */;
		};
/* End PBXFileSystemSynchronizedBuildFileExceptionSet section */

/* Begin PBXFileSystemSynchronizedRootGroup section */
		D05700642FFE97430075C305 /* EventHub */ = {
			isa = PBXFileSystemSynchronizedRootGroup;
			exceptions = (
				D0E7B1063001948000E449F2 /* Exceptions for "EventHub" folder in "EventHub" target */,
			);
			path = EventHub;
			sourceTree = "<group>";
		};
		D057007A2FFE97740075C305 /* App */ = {
			isa = PBXFileSystemSynchronizedRootGroup;
			path = App;
			sourceTree = "<group>";
		};
		D057007C2FFE978B0075C305 /* Coordinator */ = {
			isa = PBXFileSystemSynchronizedRootGroup;
			path = Coordinator;
			sourceTree = "<group>";
		};
		D05700802FFE97C20075C305 /* UiComponents */ = {
			isa = PBXFileSystemSynchronizedRootGroup;
			path = UiComponents;
			sourceTree = "<group>";
		};
		D05700812FFE97CE0075C305 /* Extensions */ = {
			isa = PBXFileSystemSynchronizedRootGroup;
			path = Extensions;
			sourceTree = "<group>";
		};
		D05700852FFE98100075C305 /* Modules */ = {
			isa = PBXFileSystemSynchronizedRootGroup;
			path = Modules;
			sourceTree = "<group>";
		};
		D0AA000000000000000000A1 /* EventHubTests */ = {
			isa = PBXFileSystemSynchronizedRootGroup;
			path = EventHubTests;
			sourceTree = "<group>";
		};
		D0E7B1043001936B00E449F2 /* Service */ = {
			isa = PBXFileSystemSynchronizedRootGroup;
			path = Service;
			sourceTree = "<group>";
		};
/* End PBXFileSystemSynchronizedRootGroup section */

/* Begin PBXFrameworksBuildPhase section */
		D057005F2FFE97430075C305 /* Frameworks */ = {
			isa = PBXFrameworksBuildPhase;
			buildActionMask = 2147483647;
			files = (
				D057008B2FFE985B0075C305 /* FirebaseAuth in Frameworks */,
				D057008D2FFE985B0075C305 /* FirebaseFirestore in Frameworks */,
			);
			runOnlyForDeploymentPostprocessing = 0;
		};
		D0AA000000000000000000A4 /* Frameworks */ = {
			isa = PBXFrameworksBuildPhase;
			buildActionMask = 2147483647;
			files = (
			);
			runOnlyForDeploymentPostprocessing = 0;
		};
/* End PBXFrameworksBuildPhase section */

/* Begin PBXGroup section */
		D05700592FFE97430075C305 = {
			isa = PBXGroup;
			children = (
				D0E7B503300B898A00E449F2 /* Localization */,
				D057007A2FFE97740075C305 /* App */,
				D057007C2FFE978B0075C305 /* Coordinator */,
				D05700852FFE98100075C305 /* Modules */,
				D05700802FFE97C20075C305 /* UiComponents */,
				D05700812FFE97CE0075C305 /* Extensions */,
				D05700642FFE97430075C305 /* EventHub */,
				D05700632FFE97430075C305 /* Products */,
				D0E7B1043001936B00E449F2 /* Service */,
				D0AA000000000000000000A1 /* EventHubTests */,
			);
			sourceTree = "<group>";
		};
		D05700632FFE97430075C305 /* Products */ = {
			isa = PBXGroup;
			children = (
				D05700622FFE97430075C305 /* EventHub.app */,
				D0AA000000000000000000A8 /* EventHubTests.xctest */,
			);
			name = Products;
			sourceTree = "<group>";
		};
		D0A9241D30153F24008F98E4 /* en.lproj */ = {
			isa = PBXGroup;
			children = (
				D0A9241C30153F24008F98E4 /* Localizable.strings */,
			);
			path = en.lproj;
			sourceTree = "<group>";
		};
		D0A9242030153F24008F98E4 /* kk.lproj */ = {
			isa = PBXGroup;
			children = (
				D0A9241F30153F24008F98E4 /* Localizable.strings */,
			);
			path = kk.lproj;
			sourceTree = "<group>";
		};
		D0A9242330153F24008F98E4 /* ru.lproj */ = {
			isa = PBXGroup;
			children = (
				D0A9242230153F24008F98E4 /* Localizable.strings */,
			);
			path = ru.lproj;
			sourceTree = "<group>";
		};
		D0E7B503300B898A00E449F2 /* Localization */ = {
			isa = PBXGroup;
			children = (
				D0A9241D30153F24008F98E4 /* en.lproj */,
				D0A9242030153F24008F98E4 /* kk.lproj */,
				D0A9242330153F24008F98E4 /* ru.lproj */,
				D0A9240930153BE1008F98E4 /* LocalizationManager.swift */,
			);
			path = Localization;
			sourceTree = "<group>";
		};
/* End PBXGroup section */

/* Begin PBXNativeTarget section */
		D05700612FFE97430075C305 /* EventHub */ = {
			isa = PBXNativeTarget;
			buildConfigurationList = D05700752FFE97470075C305 /* Build configuration list for PBXNativeTarget "EventHub" */;
			buildPhases = (
				D057005E2FFE97430075C305 /* Sources */,
				D057005F2FFE97430075C305 /* Frameworks */,
				D05700602FFE97430075C305 /* Resources */,
			);
			buildRules = (
			);
			dependencies = (
			);
			fileSystemSynchronizedGroups = (
				D05700642FFE97430075C305 /* EventHub */,
				D057007A2FFE97740075C305 /* App */,
				D057007C2FFE978B0075C305 /* Coordinator */,
				D05700802FFE97C20075C305 /* UiComponents */,
				D05700812FFE97CE0075C305 /* Extensions */,
				D05700852FFE98100075C305 /* Modules */,
				D0E7B1043001936B00E449F2 /* Service */,
			);
			name = EventHub;
			packageProductDependencies = (
				D057008A2FFE985B0075C305 /* FirebaseAuth */,
				D057008C2FFE985B0075C305 /* FirebaseFirestore */,
			);
			productName = EventHub;
			productReference = D05700622FFE97430075C305 /* EventHub.app */;
			productType = "com.apple.product-type.application";
		};
		D0AA000000000000000000A2 /* EventHubTests */ = {
			isa = PBXNativeTarget;
			buildConfigurationList = D0AA000000000000000000A9 /* Build configuration list for PBXNativeTarget "EventHubTests" */;
			buildPhases = (
				D0AA000000000000000000A3 /* Sources */,
				D0AA000000000000000000A4 /* Frameworks */,
				D0AA000000000000000000A5 /* Resources */,
			);
			buildRules = (
			);
			dependencies = (
				D0AA000000000000000000A6 /* PBXTargetDependency */,
			);
			fileSystemSynchronizedGroups = (
				D0AA000000000000000000A1 /* EventHubTests */,
			);
			name = EventHubTests;
			packageProductDependencies = (
			);
			productName = EventHubTests;
			productReference = D0AA000000000000000000A8 /* EventHubTests.xctest */;
			productType = "com.apple.product-type.bundle.unit-test";
		};
/* End PBXNativeTarget section */

/* Begin PBXProject section */
		D057005A2FFE97430075C305 /* Project object */ = {
			isa = PBXProject;
			attributes = {
				BuildIndependentTargetsInParallel = 1;
				LastSwiftUpdateCheck = 2630;
				LastUpgradeCheck = 2630;
				TargetAttributes = {
					D05700612FFE97430075C305 = {
						CreatedOnToolsVersion = 26.3;
					};
					D0AA000000000000000000A2 = {
						CreatedOnToolsVersion = 26.3;
						TestTargetID = D05700612FFE97430075C305;
					};
				};
			};
			buildConfigurationList = D057005D2FFE97430075C305 /* Build configuration list for PBXProject "EventHub" */;
			developmentRegion = en;
			hasScannedForEncodings = 0;
			knownRegions = (
				en,
				Base,
				kk,
				ru,
			);
			mainGroup = D05700592FFE97430075C305;
			minimizedProjectReferenceProxies = 1;
			packageReferences = (
				D05700892FFE985B0075C305 /* XCRemoteSwiftPackageReference "firebase-ios-sdk" */,
			);
			preferredProjectObjectVersion = 77;
			productRefGroup = D05700632FFE97430075C305 /* Products */;
			projectDirPath = "";
			projectRoot = "";
			targets = (
				D05700612FFE97430075C305 /* EventHub */,
				D0AA000000000000000000A2 /* EventHubTests */,
			);
		};
/* End PBXProject section */

/* Begin PBXResourcesBuildPhase section */
		D05700602FFE97430075C305 /* Resources */ = {
			isa = PBXResourcesBuildPhase;
			buildActionMask = 2147483647;
			files = (
				D0A9242430153F24008F98E4 /* Localizable.strings in Resources */,
				D0A9242530153F24008F98E4 /* Localizable.strings in Resources */,
				D0A9242630153F24008F98E4 /* Localizable.strings in Resources */,
			);
			runOnlyForDeploymentPostprocessing = 0;
		};
		D0AA000000000000000000A5 /* Resources */ = {
			isa = PBXResourcesBuildPhase;
			buildActionMask = 2147483647;
			files = (
			);
			runOnlyForDeploymentPostprocessing = 0;
		};
/* End PBXResourcesBuildPhase section */

/* Begin PBXSourcesBuildPhase section */
		D057005E2FFE97430075C305 /* Sources */ = {
			isa = PBXSourcesBuildPhase;
			buildActionMask = 2147483647;
			files = (
				D0A9240A30153BE1008F98E4 /* LocalizationManager.swift in Sources */,
			);
			runOnlyForDeploymentPostprocessing = 0;
		};
		D0AA000000000000000000A3 /* Sources */ = {
			isa = PBXSourcesBuildPhase;
			buildActionMask = 2147483647;
			files = (
			);
			runOnlyForDeploymentPostprocessing = 0;
		};
/* End PBXSourcesBuildPhase section */

/* Begin PBXTargetDependency section */
		D0AA000000000000000000A6 /* PBXTargetDependency */ = {
			isa = PBXTargetDependency;
			target = D05700612FFE97430075C305 /* EventHub */;
			targetProxy = D0AA000000000000000000A7 /* PBXContainerItemProxy */;
		};
/* End PBXTargetDependency section */

/* Begin PBXVariantGroup section */
		D0A9241C30153F24008F98E4 /* Localizable.strings */ = {
			isa = PBXVariantGroup;
			children = (
				D0A9241B30153F24008F98E4 /* en */,
			);
			name = Localizable.strings;
			sourceTree = "<group>";
		};
		D0A9241F30153F24008F98E4 /* Localizable.strings */ = {
			isa = PBXVariantGroup;
			children = (
				D0A9241E30153F24008F98E4 /* kk */,
			);
			name = Localizable.strings;
			sourceTree = "<group>";
		};
		D0A9242230153F24008F98E4 /* Localizable.strings */ = {
			isa = PBXVariantGroup;
			children = (
				D0A9242130153F24008F98E4 /* ru */,
			);
			name = Localizable.strings;
			sourceTree = "<group>";
		};
/* End PBXVariantGroup section */

/* Begin XCBuildConfiguration section */
		D05700762FFE97470075C305 /* Debug */ = {
			isa = XCBuildConfiguration;
			buildSettings = {
				ASSETCATALOG_COMPILER_APPICON_NAME = AppIcon;
				ASSETCATALOG_COMPILER_GLOBAL_ACCENT_COLOR_NAME = AccentColor;
				CODE_SIGN_STYLE = Automatic;
				CURRENT_PROJECT_VERSION = 1;
				DEVELOPMENT_TEAM = 8G5L26Y35C;
				GENERATE_INFOPLIST_FILE = YES;
				INFOPLIST_FILE = EventHub/Info.plist;
				INFOPLIST_KEY_UIApplicationSupportsIndirectInputEvents = YES;
				INFOPLIST_KEY_UILaunchStoryboardName = LaunchScreen;
				INFOPLIST_KEY_UISupportedInterfaceOrientations_iPad = "UIInterfaceOrientationPortrait UIInterfaceOrientationPortraitUpsideDown UIInterfaceOrientationLandscapeLeft UIInterfaceOrientationLandscapeRight";
				INFOPLIST_KEY_UISupportedInterfaceOrientations_iPhone = "UIInterfaceOrientationPortrait UIInterfaceOrientationLandscapeLeft UIInterfaceOrientationLandscapeRight";
				LD_RUNPATH_SEARCH_PATHS = (
					"$(inherited)",
					"@executable_path/Frameworks",
				);
				MARKETING_VERSION = 1.0;
				PRODUCT_BUNDLE_IDENTIFIER = First.comDakas.EventHub;
				PRODUCT_NAME = "$(TARGET_NAME)";
				STRING_CATALOG_GENERATE_SYMBOLS = YES;
				SWIFT_APPROACHABLE_CONCURRENCY = YES;
				SWIFT_DEFAULT_ACTOR_ISOLATION = MainActor;
				SWIFT_EMIT_LOC_STRINGS = YES;
				SWIFT_UPCOMING_FEATURE_MEMBER_IMPORT_VISIBILITY = YES;
				SWIFT_VERSION = 5.0;
				TARGETED_DEVICE_FAMILY = "1,2";
			};
			name = Debug;
		};
		D05700772FFE97470075C305 /* Release */ = {
			isa = XCBuildConfiguration;
			buildSettings = {
				ASSETCATALOG_COMPILER_APPICON_NAME = AppIcon;
				ASSETCATALOG_COMPILER_GLOBAL_ACCENT_COLOR_NAME = AccentColor;
				CODE_SIGN_STYLE = Automatic;
				CURRENT_PROJECT_VERSION = 1;
				DEVELOPMENT_TEAM = 8G5L26Y35C;
				GENERATE_INFOPLIST_FILE = YES;
				INFOPLIST_FILE = EventHub/Info.plist;
				INFOPLIST_KEY_UIApplicationSupportsIndirectInputEvents = YES;
				INFOPLIST_KEY_UILaunchStoryboardName = LaunchScreen;
				INFOPLIST_KEY_UISupportedInterfaceOrientations_iPad = "UIInterfaceOrientationPortrait UIInterfaceOrientationPortraitUpsideDown UIInterfaceOrientationLandscapeLeft UIInterfaceOrientationLandscapeRight";
				INFOPLIST_KEY_UISupportedInterfaceOrientations_iPhone = "UIInterfaceOrientationPortrait UIInterfaceOrientationLandscapeLeft UIInterfaceOrientationLandscapeRight";
				LD_RUNPATH_SEARCH_PATHS = (
					"$(inherited)",
					"@executable_path/Frameworks",
				);
				MARKETING_VERSION = 1.0;
				PRODUCT_BUNDLE_IDENTIFIER = First.comDakas.EventHub;
				PRODUCT_NAME = "$(TARGET_NAME)";
				STRING_CATALOG_GENERATE_SYMBOLS = YES;
				SWIFT_APPROACHABLE_CONCURRENCY = YES;
				SWIFT_DEFAULT_ACTOR_ISOLATION = MainActor;
				SWIFT_EMIT_LOC_STRINGS = YES;
				SWIFT_UPCOMING_FEATURE_MEMBER_IMPORT_VISIBILITY = YES;
				SWIFT_VERSION = 5.0;
				TARGETED_DEVICE_FAMILY = "1,2";
			};
			name = Release;
		};
		D05700782FFE97470075C305 /* Debug */ = {
			isa = XCBuildConfiguration;
			buildSettings = {
				ALWAYS_SEARCH_USER_PATHS = NO;
				ASSETCATALOG_COMPILER_GENERATE_SWIFT_ASSET_SYMBOL_EXTENSIONS = YES;
				CLANG_ANALYZER_NONNULL = YES;
				CLANG_ANALYZER_NUMBER_OBJECT_CONVERSION = YES_AGGRESSIVE;
				CLANG_CXX_LANGUAGE_STANDARD = "gnu++20";
				CLANG_ENABLE_MODULES = YES;
				CLANG_ENABLE_OBJC_ARC = YES;
				CLANG_ENABLE_OBJC_WEAK = YES;
				CLANG_WARN_BLOCK_CAPTURE_AUTORELEASING = YES;
				CLANG_WARN_BOOL_CONVERSION = YES;
				CLANG_WARN_COMMA = YES;
				CLANG_WARN_CONSTANT_CONVERSION = YES;
				CLANG_WARN_DEPRECATED_OBJC_IMPLEMENTATIONS = YES;
				CLANG_WARN_DIRECT_OBJC_ISA_USAGE = YES_ERROR;
				CLANG_WARN_DOCUMENTATION_COMMENTS = YES;
				CLANG_WARN_EMPTY_BODY = YES;
				CLANG_WARN_ENUM_CONVERSION = YES;
				CLANG_WARN_INFINITE_RECURSION = YES;
				CLANG_WARN_INT_CONVERSION = YES;
				CLANG_WARN_NON_LITERAL_NULL_CONVERSION = YES;
				CLANG_WARN_OBJC_IMPLICIT_RETAIN_SELF = YES;
				CLANG_WARN_OBJC_LITERAL_CONVERSION = YES;
				CLANG_WARN_OBJC_ROOT_CLASS = YES_ERROR;
				CLANG_WARN_QUOTED_INCLUDE_IN_FRAMEWORK_HEADER = YES;
				CLANG_WARN_RANGE_LOOP_ANALYSIS = YES;
				CLANG_WARN_STRICT_PROTOTYPES = YES;
				CLANG_WARN_SUSPICIOUS_MOVE = YES;
				CLANG_WARN_UNGUARDED_AVAILABILITY = YES_AGGRESSIVE;
				CLANG_WARN_UNREACHABLE_CODE = YES;
				CLANG_WARN__DUPLICATE_METHOD_MATCH = YES;
				COPY_PHASE_STRIP = NO;
				DEBUG_INFORMATION_FORMAT = dwarf;
				DEVELOPMENT_TEAM = 8G5L26Y35C;
				ENABLE_STRICT_OBJC_MSGSEND = YES;
				ENABLE_TESTABILITY = YES;
				ENABLE_USER_SCRIPT_SANDBOXING = YES;
				GCC_C_LANGUAGE_STANDARD = gnu17;
				GCC_DYNAMIC_NO_PIC = NO;
				GCC_NO_COMMON_BLOCKS = YES;
				GCC_OPTIMIZATION_LEVEL = 0;
				GCC_PREPROCESSOR_DEFINITIONS = (
					"DEBUG=1",
					"$(inherited)",
				);
				GCC_WARN_64_TO_32_BIT_CONVERSION = YES;
				GCC_WARN_ABOUT_RETURN_TYPE = YES_ERROR;
				GCC_WARN_UNDECLARED_SELECTOR = YES;
				GCC_WARN_UNINITIALIZED_AUTOS = YES_AGGRESSIVE;
				GCC_WARN_UNUSED_FUNCTION = YES;
				GCC_WARN_UNUSED_VARIABLE = YES;
				IPHONEOS_DEPLOYMENT_TARGET = 26.2;
				LOCALIZATION_PREFERS_STRING_CATALOGS = YES;
				MTL_ENABLE_DEBUG_INFO = INCLUDE_SOURCE;
				MTL_FAST_MATH = YES;
				ONLY_ACTIVE_ARCH = YES;
				SDKROOT = iphoneos;
				SWIFT_ACTIVE_COMPILATION_CONDITIONS = "DEBUG $(inherited)";
				SWIFT_OPTIMIZATION_LEVEL = "-Onone";
			};
			name = Debug;
		};
		D05700792FFE97470075C305 /* Release */ = {
			isa = XCBuildConfiguration;
			buildSettings = {
				ALWAYS_SEARCH_USER_PATHS = NO;
				ASSETCATALOG_COMPILER_GENERATE_SWIFT_ASSET_SYMBOL_EXTENSIONS = YES;
				CLANG_ANALYZER_NONNULL = YES;
				CLANG_ANALYZER_NUMBER_OBJECT_CONVERSION = YES_AGGRESSIVE;
				CLANG_CXX_LANGUAGE_STANDARD = "gnu++20";
				CLANG_ENABLE_MODULES = YES;
				CLANG_ENABLE_OBJC_ARC = YES;
				CLANG_ENABLE_OBJC_WEAK = YES;
				CLANG_WARN_BLOCK_CAPTURE_AUTORELEASING = YES;
				CLANG_WARN_BOOL_CONVERSION = YES;
				CLANG_WARN_COMMA = YES;
				CLANG_WARN_CONSTANT_CONVERSION = YES;
				CLANG_WARN_DEPRECATED_OBJC_IMPLEMENTATIONS = YES;
				CLANG_WARN_DIRECT_OBJC_ISA_USAGE = YES_ERROR;
				CLANG_WARN_DOCUMENTATION_COMMENTS = YES;
				CLANG_WARN_EMPTY_BODY = YES;
				CLANG_WARN_ENUM_CONVERSION = YES;
				CLANG_WARN_INFINITE_RECURSION = YES;
				CLANG_WARN_INT_CONVERSION = YES;
				CLANG_WARN_NON_LITERAL_NULL_CONVERSION = YES;
				CLANG_WARN_OBJC_IMPLICIT_RETAIN_SELF = YES;
				CLANG_WARN_OBJC_LITERAL_CONVERSION = YES;
				CLANG_WARN_OBJC_ROOT_CLASS = YES_ERROR;
				CLANG_WARN_QUOTED_INCLUDE_IN_FRAMEWORK_HEADER = YES;
				CLANG_WARN_RANGE_LOOP_ANALYSIS = YES;
				CLANG_WARN_STRICT_PROTOTYPES = YES;
				CLANG_WARN_SUSPICIOUS_MOVE = YES;
				CLANG_WARN_UNGUARDED_AVAILABILITY = YES_AGGRESSIVE;
				CLANG_WARN_UNREACHABLE_CODE = YES;
				CLANG_WARN__DUPLICATE_METHOD_MATCH = YES;
				COPY_PHASE_STRIP = NO;
				DEBUG_INFORMATION_FORMAT = "dwarf-with-dsym";
				DEVELOPMENT_TEAM = 8G5L26Y35C;
				ENABLE_NS_ASSERTIONS = NO;
				ENABLE_STRICT_OBJC_MSGSEND = YES;
				ENABLE_USER_SCRIPT_SANDBOXING = YES;
				GCC_C_LANGUAGE_STANDARD = gnu17;
				GCC_NO_COMMON_BLOCKS = YES;
				GCC_WARN_64_TO_32_BIT_CONVERSION = YES;
				GCC_WARN_ABOUT_RETURN_TYPE = YES_ERROR;
				GCC_WARN_UNDECLARED_SELECTOR = YES;
				GCC_WARN_UNINITIALIZED_AUTOS = YES_AGGRESSIVE;
				GCC_WARN_UNUSED_FUNCTION = YES;
				GCC_WARN_UNUSED_VARIABLE = YES;
				IPHONEOS_DEPLOYMENT_TARGET = 26.2;
				LOCALIZATION_PREFERS_STRING_CATALOGS = YES;
				MTL_ENABLE_DEBUG_INFO = NO;
				MTL_FAST_MATH = YES;
				SDKROOT = iphoneos;
				SWIFT_COMPILATION_MODE = wholemodule;
				VALIDATE_PRODUCT = YES;
			};
			name = Release;
		};
		D0AA000000000000000000B0 /* Debug */ = {
			isa = XCBuildConfiguration;
			buildSettings = {
				BUNDLE_LOADER = "$(TEST_HOST)";
				CODE_SIGN_STYLE = Automatic;
				CURRENT_PROJECT_VERSION = 1;
				DEVELOPMENT_TEAM = 8G5L26Y35C;
				GENERATE_INFOPLIST_FILE = YES;
				LD_RUNPATH_SEARCH_PATHS = (
					"$(inherited)",
					"@executable_path/Frameworks",
					"@loader_path/Frameworks",
				);
				MARKETING_VERSION = 1.0;
				PRODUCT_BUNDLE_IDENTIFIER = First.comDakas.EventHubTests;
				PRODUCT_NAME = "$(TARGET_NAME)";
				SWIFT_APPROACHABLE_CONCURRENCY = YES;
				SWIFT_DEFAULT_ACTOR_ISOLATION = MainActor;
				SWIFT_EMIT_LOC_STRINGS = NO;
				SWIFT_VERSION = 5.0;
				TARGETED_DEVICE_FAMILY = "1,2";
				TEST_HOST = "$(BUILT_PRODUCTS_DIR)/EventHub.app/$(BUNDLE_EXECUTABLE_FOLDER_PATH)/EventHub";
			};
			name = Debug;
		};
		D0AA000000000000000000B1 /* Release */ = {
			isa = XCBuildConfiguration;
			buildSettings = {
				BUNDLE_LOADER = "$(TEST_HOST)";
				CODE_SIGN_STYLE = Automatic;
				CURRENT_PROJECT_VERSION = 1;
				DEVELOPMENT_TEAM = 8G5L26Y35C;
				GENERATE_INFOPLIST_FILE = YES;
				LD_RUNPATH_SEARCH_PATHS = (
					"$(inherited)",
					"@executable_path/Frameworks",
					"@loader_path/Frameworks",
				);
				MARKETING_VERSION = 1.0;
				PRODUCT_BUNDLE_IDENTIFIER = First.comDakas.EventHubTests;
				PRODUCT_NAME = "$(TARGET_NAME)";
				SWIFT_APPROACHABLE_CONCURRENCY = YES;
				SWIFT_DEFAULT_ACTOR_ISOLATION = MainActor;
				SWIFT_EMIT_LOC_STRINGS = NO;
				SWIFT_VERSION = 5.0;
				TARGETED_DEVICE_FAMILY = "1,2";
				TEST_HOST = "$(BUILT_PRODUCTS_DIR)/EventHub.app/$(BUNDLE_EXECUTABLE_FOLDER_PATH)/EventHub";
			};
			name = Release;
		};
/* End XCBuildConfiguration section */

/* Begin XCConfigurationList section */
		D057005D2FFE97430075C305 /* Build configuration list for PBXProject "EventHub" */ = {
			isa = XCConfigurationList;
			buildConfigurations = (
				D05700782FFE97470075C305 /* Debug */,
				D05700792FFE97470075C305 /* Release */,
			);
			defaultConfigurationIsVisible = 0;
			defaultConfigurationName = Release;
		};
		D05700752FFE97470075C305 /* Build configuration list for PBXNativeTarget "EventHub" */ = {
			isa = XCConfigurationList;
			buildConfigurations = (
				D05700762FFE97470075C305 /* Debug */,
				D05700772FFE97470075C305 /* Release */,
			);
			defaultConfigurationIsVisible = 0;
			defaultConfigurationName = Release;
		};
		D0AA000000000000000000A9 /* Build configuration list for PBXNativeTarget "EventHubTests" */ = {
			isa = XCConfigurationList;
			buildConfigurations = (
				D0AA000000000000000000B0 /* Debug */,
				D0AA000000000000000000B1 /* Release */,
			);
			defaultConfigurationIsVisible = 0;
			defaultConfigurationName = Release;
		};
/* End XCConfigurationList section */

/* Begin XCRemoteSwiftPackageReference section */
		D05700892FFE985B0075C305 /* XCRemoteSwiftPackageReference "firebase-ios-sdk" */ = {
			isa = XCRemoteSwiftPackageReference;
			repositoryURL = "https://github.com/firebase/firebase-ios-sdk.git";
			requirement = {
				kind = upToNextMajorVersion;
				minimumVersion = 12.15.0;
			};
		};
/* End XCRemoteSwiftPackageReference section */

/* Begin XCSwiftPackageProductDependency section */
		D057008A2FFE985B0075C305 /* FirebaseAuth */ = {
			isa = XCSwiftPackageProductDependency;
			package = D05700892FFE985B0075C305 /* XCRemoteSwiftPackageReference "firebase-ios-sdk" */;
			productName = FirebaseAuth;
		};
		D057008C2FFE985B0075C305 /* FirebaseFirestore */ = {
			isa = XCSwiftPackageProductDependency;
			package = D05700892FFE985B0075C305 /* XCRemoteSwiftPackageReference "firebase-ios-sdk" */;
			productName = FirebaseFirestore;
		};
/* End XCSwiftPackageProductDependency section */
	};
	rootObject = D057005A2FFE97430075C305 /* Project object */;
}
